
Microsoft Visual Studio Solution File, Format Version 12.00
# Visual Studio Version 17
VisualStudioVersion = 17.14.36511.14
MinimumVisualStudioVersion = 10.0.40219.1
Project("{FAE04EC0-301F-11D3-BF4B-00C04F79EFBC}") = "OrganizationLib", "Organization\OrganizationLib.csproj", "{8DDA150A-4DD0-4216-9D97-2351F5C148BB}"
EndProject
Project("{FAE04EC0-301F-11D3-BF4B-00C04F79EFBC}") = "Task3", "Task3\Task3.csproj", "{A36E21AC-5E27-824E-ADCA-0E00BD5C010A}"
EndProject
Global
	GlobalSection(SolutionConfigurationPlatforms) = preSolution
		Debug|Any CPU = Debug|Any CPU
		Release|Any CPU = Release|Any CPU
	EndGlobalSection
	GlobalSection(ProjectConfigurationPlatforms) = postSolution
		{8DDA150A-4DD0-4216-9D97-2351F5C148BB}.Debug|Any CPU.ActiveCfg = Debug|Any CPU
		{8DDA150A-4DD0-4216-9D97-2351F5C148BB}.Debug|Any CPU.Build.0 = Debug|Any CPU
		{8DDA150A-4DD0-4216-9D97-2351F5C148BB}.Release|Any CPU.ActiveCfg = Release|Any CPU
		{8DDA150A-4DD0-4216-9D97-2351F5C148BB}.Release|Any CPU.Build.0 = Release|Any CPU
		{A36E21AC-5E27-824E-ADCA-0E00BD5C010A}.Debug|Any CPU.ActiveCfg = Debug|Any CPU
		{A36E21AC-5E27-824E-ADCA-0E00BD5C010A}.Debug|Any CPU.Build.0 = Debug|Any CPU
		{A36E21AC-5E27-824E-ADCA-0E00BD5C010A}.Release|Any CPU.ActiveCfg = Release|Any CPU
		{A36E21AC-5E27-824E-ADCA-0E00BD5C010A}.Release|Any CPU.Build.0 = Release|Any CPU
	EndGlobalSection
	GlobalSection(SolutionProperties) = preSolution
		HideSolutionNode = FALSE
	EndGlobalSection
	GlobalSection(ExtensibilityGlobals) = postSolution
		SolutionGuid = {C38CFDEF-D6DF-4ACF-8CCE-D84C7969B399}
	EndGlobalSection
EndGlobal
